
Microsoft Visual Studio Solution File, Format Version 12.00
# Visual Studio Version 16
VisualStudioVersion = 16.0.29318.209
MinimumVisualStudioVersion = 10.0.40219.1
Project("{9A19103F-16F7-4668-BE54-9A1E7A4F7556}") = "GOK-SERVER", "GOK-SERVER\GOK-SERVER.csproj", "{A9284DC6-74F3-4934-A36D-8F53D4A78803}"
EndProject
Project("{9A19103F-16F7-4668-BE54-9A1E7A4F7556}") = "BankDomain", "Bank\BankDomain.csproj", "{E6413135-25B3-4DF0-9F29-A465D4BAD683}"
EndProject
Project("{9A19103F-16F7-4668-BE54-9A1E7A4F7556}") = "BankTest", "BankTest\BankTest.csproj", "{35B22901-E3C3-4F19-8F91-E6BDF7BF9674}"
EndProject
Project("{9A19103F-16F7-4668-BE54-9A1E7A4F7556}") = "BlackJackDomain", "BlackJackDomain\BlackJackDomain.csproj", "{304405BF-F820-4A64-8375-8939D176C25F}"
EndProject
Project("{9A19103F-16F7-4668-BE54-9A1E7A4F7556}") = "CrashDomain", "CrashDomain\CrashDomain.csproj", "{C81B9776-E7CD-4CD3-B54A-90F7856CEF98}"
EndProject
Project("{9A19103F-16F7-4668-BE54-9A1E7A4F7556}") = "HogerEnLagerDomain", "HogerEnLagerDomain\HogerEnLagerDomain.csproj", "{223F2E2D-CAE8-4DB1-AE5B-5B5CB1DBAB77}"
EndProject
Project("{9A19103F-16F7-4668-BE54-9A1E7A4F7556}") = "RouletteDomain", "RouletteDomain\RouletteDomain.csproj", "{DF59E88A-0D31-4BF2-9FC6-15501740CD39}"
EndProject
Project("{9A19103F-16F7-4668-BE54-9A1E7A4F7556}") = "CascadingClasses", "CascadingClasses\CascadingClasses.csproj", "{E479478A-960F-41C4-9754-B1D85AB49EAF}"
EndProject
Project("{9A19103F-16F7-4668-BE54-9A1E7A4F7556}") = "DefaultClasses", "DefaultClasses\DefaultClasses.csproj", "{73EC1C83-6507-4533-9842-4007165487EC}"
EndProject
Global
	GlobalSection(SolutionConfigurationPlatforms) = preSolution
		Debug|Any CPU = Debug|Any CPU
		Release|Any CPU = Release|Any CPU
	EndGlobalSection
	GlobalSection(ProjectConfigurationPlatforms) = postSolution
		{A9284DC6-74F3-4934-A36D-8F53D4A78803}.Debug|Any CPU.ActiveCfg = Debug|Any CPU
		{A9284DC6-74F3-4934-A36D-8F53D4A78803}.Debug|Any CPU.Build.0 = Debug|Any CPU
		{A9284DC6-74F3-4934-A36D-8F53D4A78803}.Release|Any CPU.ActiveCfg = Release|Any CPU
		{A9284DC6-74F3-4934-A36D-8F53D4A78803}.Release|Any CPU.Build.0 = Release|Any CPU
		{E6413135-25B3-4DF0-9F29-A465D4BAD683}.Debug|Any CPU.ActiveCfg = Debug|Any CPU
		{E6413135-25B3-4DF0-9F29-A465D4BAD683}.Debug|Any CPU.Build.0 = Debug|Any CPU
		{E6413135-25B3-4DF0-9F29-A465D4BAD683}.Release|Any CPU.ActiveCfg = Release|Any CPU
		{E6413135-25B3-4DF0-9F29-A465D4BAD683}.Release|Any CPU.Build.0 = Release|Any CPU
		{35B22901-E3C3-4F19-8F91-E6BDF7BF9674}.Debug|Any CPU.ActiveCfg = Debug|Any CPU
		{35B22901-E3C3-4F19-8F91-E6BDF7BF9674}.Debug|Any CPU.Build.0 = Debug|Any CPU
		{35B22901-E3C3-4F19-8F91-E6BDF7BF9674}.Release|Any CPU.ActiveCfg = Release|Any CPU
		{35B22901-E3C3-4F19-8F91-E6BDF7BF9674}.Release|Any CPU.Build.0 = Release|Any CPU
		{304405BF-F820-4A64-8375-8939D176C25F}.Debug|Any CPU.ActiveCfg = Debug|Any CPU
		{304405BF-F820-4A64-8375-8939D176C25F}.Debug|Any CPU.Build.0 = Debug|Any CPU
		{304405BF-F820-4A64-8375-8939D176C25F}.Release|Any CPU.ActiveCfg = Release|Any CPU
		{304405BF-F820-4A64-8375-8939D176C25F}.Release|Any CPU.Build.0 = Release|Any CPU
		{C81B9776-E7CD-4CD3-B54A-90F7856CEF98}.Debug|Any CPU.ActiveCfg = Debug|Any CPU
		{C81B9776-E7CD-4CD3-B54A-90F7856CEF98}.Debug|Any CPU.Build.0 = Debug|Any CPU
		{C81B9776-E7CD-4CD3-B54A-90F7856CEF98}.Release|Any CPU.ActiveCfg = Release|Any CPU
		{C81B9776-E7CD-4CD3-B54A-90F7856CEF98}.Release|Any CPU.Build.0 = Release|Any CPU
		{223F2E2D-CAE8-4DB1-AE5B-5B5CB1DBAB77}.Debug|Any CPU.ActiveCfg = Debug|Any CPU
		{223F2E2D-CAE8-4DB1-AE5B-5B5CB1DBAB77}.Debug|Any CPU.Build.0 = Debug|Any CPU
		{223F2E2D-CAE8-4DB1-AE5B-5B5CB1DBAB77}.Release|Any CPU.ActiveCfg = Release|Any CPU
		{223F2E2D-CAE8-4DB1-AE5B-5B5CB1DBAB77}.Release|Any CPU.Build.0 = Release|Any CPU
		{DF59E88A-0D31-4BF2-9FC6-15501740CD39}.Debug|Any CPU.ActiveCfg = Debug|Any CPU
		{DF59E88A-0D31-4BF2-9FC6-15501740CD39}.Debug|Any CPU.Build.0 = Debug|Any CPU
		{DF59E88A-0D31-4BF2-9FC6-15501740CD39}.Release|Any CPU.ActiveCfg = Release|Any CPU
		{DF59E88A-0D31-4BF2-9FC6-15501740CD39}.Release|Any CPU.Build.0 = Release|Any CPU
		{E479478A-960F-41C4-9754-B1D85AB49EAF}.Debug|Any CPU.ActiveCfg = Debug|Any CPU
		{E479478A-960F-41C4-9754-B1D85AB49EAF}.Debug|Any CPU.Build.0 = Debug|Any CPU
		{E479478A-960F-41C4-9754-B1D85AB49EAF}.Release|Any CPU.ActiveCfg = Release|Any CPU
		{E479478A-960F-41C4-9754-B1D85AB49EAF}.Release|Any CPU.Build.0 = Release|Any CPU
		{73EC1C83-6507-4533-9842-4007165487EC}.Debug|Any CPU.ActiveCfg = Debug|Any CPU
		{73EC1C83-6507-4533-9842-4007165487EC}.Debug|Any CPU.Build.0 = Debug|Any CPU
		{73EC1C83-6507-4533-9842-4007165487EC}.Release|Any CPU.ActiveCfg = Release|Any CPU
		{73EC1C83-6507-4533-9842-4007165487EC}.Release|Any CPU.Build.0 = Release|Any CPU
	EndGlobalSection
	GlobalSection(SolutionProperties) = preSolution
		HideSolutionNode = FALSE
	EndGlobalSection
	GlobalSection(ExtensibilityGlobals) = postSolution
		SolutionGuid = {C424B457-51DF-49FB-97F6-5C0ECADF7F7A}
	EndGlobalSection
EndGlobal
