
Microsoft Visual Studio Solution File, Format Version 12.00
# Visual Studio Version 16
VisualStudioVersion = 16.0.29318.209
MinimumVisualStudioVersion = 10.0.40219.1
Project("{FAE04EC0-301F-11D3-BF4B-00C04F79EFBC}") = "GOK-SERVER", "GOK-SERVER\GOK-SERVER.csproj", "{A9284DC6-74F3-4934-A36D-8F53D4A78803}"
EndProject
Global
	GlobalSection(SolutionConfigurationPlatforms) = preSolution
		Debug|Any CPU = Debug|Any CPU
		Release|Any CPU = Release|Any CPU
	EndGlobalSection
	GlobalSection(ProjectConfigurationPlatforms) = postSolution
		{A9284DC6-74F3-4934-A36D-8F53D4A78803}.Debug|Any CPU.ActiveCfg = Debug|Any CPU
		{A9284DC6-74F3-4934-A36D-8F53D4A78803}.Debug|Any CPU.Build.0 = Debug|Any CPU
		{A9284DC6-74F3-4934-A36D-8F53D4A78803}.Release|Any CPU.ActiveCfg = Release|Any CPU
		{A9284DC6-74F3-4934-A36D-8F53D4A78803}.Release|Any CPU.Build.0 = Release|Any CPU
	EndGlobalSection
	GlobalSection(SolutionProperties) = preSolution
		HideSolutionNode = FALSE
	EndGlobalSection
	GlobalSection(ExtensibilityGlobals) = postSolution
		SolutionGuid = {C424B457-51DF-49FB-97F6-5C0ECADF7F7A}
	EndGlobalSection
EndGlobal
