
Microsoft Visual Studio Solution File, Format Version 12.00
# Visual Studio Version 16
VisualStudioVersion = 16.0.29230.61
MinimumVisualStudioVersion = 10.0.40219.1
Project("{9A19103F-16F7-4668-BE54-9A1E7A4F7556}") = "Gok.Server", "Gok\Server\Gok.Server.csproj", "{14DDC3AC-6CE4-410E-93A5-58B928D97975}"
EndProject
Project("{9A19103F-16F7-4668-BE54-9A1E7A4F7556}") = "Gok.Client", "Gok\Client\Gok.Client.csproj", "{5EE1EB1D-C457-4689-A093-592074503EB4}"
EndProject
Project("{9A19103F-16F7-4668-BE54-9A1E7A4F7556}") = "BankDomain", "Bank\BankDomain.csproj", "{7BB83301-F7E5-481D-AD81-6994D27B0DC9}"
EndProject
Project("{9A19103F-16F7-4668-BE54-9A1E7A4F7556}") = "BankTest", "BankTest\BankTest.csproj", "{247240A3-2D28-426A-B283-0C2652557890}"
EndProject
Project("{FAE04EC0-301F-11D3-BF4B-00C04F79EFBC}") = "BlackJackDomain", "BlackJackDomain\BlackJackDomain.csproj", "{645B8536-F021-4C6F-A7F5-6824FB7DC141}"
EndProject
Project("{FAE04EC0-301F-11D3-BF4B-00C04F79EFBC}") = "CrashDomain", "CrashDomain\CrashDomain.csproj", "{DC26A669-B48B-43FD-BBDB-640E690462C9}"
EndProject
Project("{FAE04EC0-301F-11D3-BF4B-00C04F79EFBC}") = "RouletteDomain", "RouletteDomain\RouletteDomain.csproj", "{37F92DF6-7A53-44E3-9B37-8AE1E1B96A8D}"
EndProject
Project("{FAE04EC0-301F-11D3-BF4B-00C04F79EFBC}") = "HogerEnLagerDomain", "HogerEnLagerDomain\HogerEnLagerDomain.csproj", "{7626113D-E776-4233-8BFF-74350801779F}"
EndProject
Global
	GlobalSection(SolutionConfigurationPlatforms) = preSolution
		Debug|Any CPU = Debug|Any CPU
		Release|Any CPU = Release|Any CPU
	EndGlobalSection
	GlobalSection(ProjectConfigurationPlatforms) = postSolution
		{14DDC3AC-6CE4-410E-93A5-58B928D97975}.Debug|Any CPU.ActiveCfg = Debug|Any CPU
		{14DDC3AC-6CE4-410E-93A5-58B928D97975}.Debug|Any CPU.Build.0 = Debug|Any CPU
		{14DDC3AC-6CE4-410E-93A5-58B928D97975}.Release|Any CPU.ActiveCfg = Release|Any CPU
		{14DDC3AC-6CE4-410E-93A5-58B928D97975}.Release|Any CPU.Build.0 = Release|Any CPU
		{5EE1EB1D-C457-4689-A093-592074503EB4}.Debug|Any CPU.ActiveCfg = Debug|Any CPU
		{5EE1EB1D-C457-4689-A093-592074503EB4}.Debug|Any CPU.Build.0 = Debug|Any CPU
		{5EE1EB1D-C457-4689-A093-592074503EB4}.Release|Any CPU.ActiveCfg = Release|Any CPU
		{5EE1EB1D-C457-4689-A093-592074503EB4}.Release|Any CPU.Build.0 = Release|Any CPU
		{7BB83301-F7E5-481D-AD81-6994D27B0DC9}.Debug|Any CPU.ActiveCfg = Debug|Any CPU
		{7BB83301-F7E5-481D-AD81-6994D27B0DC9}.Debug|Any CPU.Build.0 = Debug|Any CPU
		{7BB83301-F7E5-481D-AD81-6994D27B0DC9}.Release|Any CPU.ActiveCfg = Release|Any CPU
		{7BB83301-F7E5-481D-AD81-6994D27B0DC9}.Release|Any CPU.Build.0 = Release|Any CPU
		{247240A3-2D28-426A-B283-0C2652557890}.Debug|Any CPU.ActiveCfg = Debug|Any CPU
		{247240A3-2D28-426A-B283-0C2652557890}.Debug|Any CPU.Build.0 = Debug|Any CPU
		{247240A3-2D28-426A-B283-0C2652557890}.Release|Any CPU.ActiveCfg = Release|Any CPU
		{247240A3-2D28-426A-B283-0C2652557890}.Release|Any CPU.Build.0 = Release|Any CPU
		{645B8536-F021-4C6F-A7F5-6824FB7DC141}.Debug|Any CPU.ActiveCfg = Debug|Any CPU
		{645B8536-F021-4C6F-A7F5-6824FB7DC141}.Debug|Any CPU.Build.0 = Debug|Any CPU
		{645B8536-F021-4C6F-A7F5-6824FB7DC141}.Release|Any CPU.ActiveCfg = Release|Any CPU
		{645B8536-F021-4C6F-A7F5-6824FB7DC141}.Release|Any CPU.Build.0 = Release|Any CPU
		{DC26A669-B48B-43FD-BBDB-640E690462C9}.Debug|Any CPU.ActiveCfg = Debug|Any CPU
		{DC26A669-B48B-43FD-BBDB-640E690462C9}.Debug|Any CPU.Build.0 = Debug|Any CPU
		{DC26A669-B48B-43FD-BBDB-640E690462C9}.Release|Any CPU.ActiveCfg = Release|Any CPU
		{DC26A669-B48B-43FD-BBDB-640E690462C9}.Release|Any CPU.Build.0 = Release|Any CPU
		{37F92DF6-7A53-44E3-9B37-8AE1E1B96A8D}.Debug|Any CPU.ActiveCfg = Debug|Any CPU
		{37F92DF6-7A53-44E3-9B37-8AE1E1B96A8D}.Debug|Any CPU.Build.0 = Debug|Any CPU
		{37F92DF6-7A53-44E3-9B37-8AE1E1B96A8D}.Release|Any CPU.ActiveCfg = Release|Any CPU
		{37F92DF6-7A53-44E3-9B37-8AE1E1B96A8D}.Release|Any CPU.Build.0 = Release|Any CPU
		{7626113D-E776-4233-8BFF-74350801779F}.Debug|Any CPU.ActiveCfg = Debug|Any CPU
		{7626113D-E776-4233-8BFF-74350801779F}.Debug|Any CPU.Build.0 = Debug|Any CPU
		{7626113D-E776-4233-8BFF-74350801779F}.Release|Any CPU.ActiveCfg = Release|Any CPU
		{7626113D-E776-4233-8BFF-74350801779F}.Release|Any CPU.Build.0 = Release|Any CPU
	EndGlobalSection
	GlobalSection(SolutionProperties) = preSolution
		HideSolutionNode = FALSE
	EndGlobalSection
	GlobalSection(ExtensibilityGlobals) = postSolution
		SolutionGuid = {DF9B604E-DB5C-446B-952B-26B5F436D42A}
	EndGlobalSection
EndGlobal
